
Microsoft Visual Studio Solution File, Format Version 12.00
# Visual Studio Version 17
VisualStudioVersion = 17.11.35222.181
MinimumVisualStudioVersion = 10.0.40219.1
Project("{9A19103F-16F7-4668-BE54-9A1E7A4F7556}") = "WebMVC", "WebMVC\WebMVC.csproj", "{D5D097CC-69EC-4F64-A070-22D3508A69DB}"
EndProject
Project("{9A19103F-16F7-4668-BE54-9A1E7A4F7556}") = "TechInventAPI", "TechInventAPI\TechInventAPI.csproj", "{E01E36F8-9A7B-4595-9249-EB38FEC3E01F}"
EndProject
Project("{2150E333-8FDC-42A3-9474-1A3956D46DE8}") = "src", "src", "{B9754CB3-45F4-483A-8F7F-1090D0ED15C3}"
EndProject
Project("{FAE04EC0-301F-11D3-BF4B-00C04F79EFBC}") = "TechInvent.API", "src\TechInvent.API\TechInvent.API.csproj", "{9ED652B2-4AA0-43F2-A04A-1591FD7E3E01}"
EndProject
Project("{FAE04EC0-301F-11D3-BF4B-00C04F79EFBC}") = "TechInvent.BLL", "src\TechInvent.BLL\TechInvent.BLL.csproj", "{B7F9558C-D491-4718-81DF-65AFC5E1EFE2}"
EndProject
Project("{FAE04EC0-301F-11D3-BF4B-00C04F79EFBC}") = "TechInvent.DAL", "src\TechInvent.DAL\TechInvent.DAL.csproj", "{9D450F92-0B54-4F94-B59F-7EFD591739BB}"
EndProject
Project("{FAE04EC0-301F-11D3-BF4B-00C04F79EFBC}") = "TechInvent.DM", "src\TechInvent.DM\TechInvent.DM.csproj", "{0FC6959A-9499-4FEB-8B0E-CD4F4C54F642}"
EndProject
Global
	GlobalSection(SolutionConfigurationPlatforms) = preSolution
		Debug|Any CPU = Debug|Any CPU
		Release|Any CPU = Release|Any CPU
	EndGlobalSection
	GlobalSection(ProjectConfigurationPlatforms) = postSolution
		{D5D097CC-69EC-4F64-A070-22D3508A69DB}.Debug|Any CPU.ActiveCfg = Debug|Any CPU
		{D5D097CC-69EC-4F64-A070-22D3508A69DB}.Debug|Any CPU.Build.0 = Debug|Any CPU
		{D5D097CC-69EC-4F64-A070-22D3508A69DB}.Release|Any CPU.ActiveCfg = Release|Any CPU
		{D5D097CC-69EC-4F64-A070-22D3508A69DB}.Release|Any CPU.Build.0 = Release|Any CPU
		{E01E36F8-9A7B-4595-9249-EB38FEC3E01F}.Debug|Any CPU.ActiveCfg = Debug|Any CPU
		{E01E36F8-9A7B-4595-9249-EB38FEC3E01F}.Debug|Any CPU.Build.0 = Debug|Any CPU
		{E01E36F8-9A7B-4595-9249-EB38FEC3E01F}.Release|Any CPU.ActiveCfg = Release|Any CPU
		{E01E36F8-9A7B-4595-9249-EB38FEC3E01F}.Release|Any CPU.Build.0 = Release|Any CPU
		{9ED652B2-4AA0-43F2-A04A-1591FD7E3E01}.Debug|Any CPU.ActiveCfg = Debug|Any CPU
		{9ED652B2-4AA0-43F2-A04A-1591FD7E3E01}.Debug|Any CPU.Build.0 = Debug|Any CPU
		{9ED652B2-4AA0-43F2-A04A-1591FD7E3E01}.Release|Any CPU.ActiveCfg = Release|Any CPU
		{9ED652B2-4AA0-43F2-A04A-1591FD7E3E01}.Release|Any CPU.Build.0 = Release|Any CPU
		{B7F9558C-D491-4718-81DF-65AFC5E1EFE2}.Debug|Any CPU.ActiveCfg = Debug|Any CPU
		{B7F9558C-D491-4718-81DF-65AFC5E1EFE2}.Debug|Any CPU.Build.0 = Debug|Any CPU
		{B7F9558C-D491-4718-81DF-65AFC5E1EFE2}.Release|Any CPU.ActiveCfg = Release|Any CPU
		{B7F9558C-D491-4718-81DF-65AFC5E1EFE2}.Release|Any CPU.Build.0 = Release|Any CPU
		{9D450F92-0B54-4F94-B59F-7EFD591739BB}.Debug|Any CPU.ActiveCfg = Debug|Any CPU
		{9D450F92-0B54-4F94-B59F-7EFD591739BB}.Debug|Any CPU.Build.0 = Debug|Any CPU
		{9D450F92-0B54-4F94-B59F-7EFD591739BB}.Release|Any CPU.ActiveCfg = Release|Any CPU
		{9D450F92-0B54-4F94-B59F-7EFD591739BB}.Release|Any CPU.Build.0 = Release|Any CPU
		{0FC6959A-9499-4FEB-8B0E-CD4F4C54F642}.Debug|Any CPU.ActiveCfg = Debug|Any CPU
		{0FC6959A-9499-4FEB-8B0E-CD4F4C54F642}.Debug|Any CPU.Build.0 = Debug|Any CPU
		{0FC6959A-9499-4FEB-8B0E-CD4F4C54F642}.Release|Any CPU.ActiveCfg = Release|Any CPU
		{0FC6959A-9499-4FEB-8B0E-CD4F4C54F642}.Release|Any CPU.Build.0 = Release|Any CPU
	EndGlobalSection
	GlobalSection(SolutionProperties) = preSolution
		HideSolutionNode = FALSE
	EndGlobalSection
	GlobalSection(NestedProjects) = preSolution
		{9ED652B2-4AA0-43F2-A04A-1591FD7E3E01} = {B9754CB3-45F4-483A-8F7F-1090D0ED15C3}
		{B7F9558C-D491-4718-81DF-65AFC5E1EFE2} = {B9754CB3-45F4-483A-8F7F-1090D0ED15C3}
		{9D450F92-0B54-4F94-B59F-7EFD591739BB} = {B9754CB3-45F4-483A-8F7F-1090D0ED15C3}
		{0FC6959A-9499-4FEB-8B0E-CD4F4C54F642} = {B9754CB3-45F4-483A-8F7F-1090D0ED15C3}
	EndGlobalSection
	GlobalSection(ExtensibilityGlobals) = postSolution
		SolutionGuid = {D930518B-85FF-462B-B46D-30D2AEBC8370}
	EndGlobalSection
EndGlobal
